
Microsoft Visual Studio Solution File, Format Version 12.00
# Visual Studio Version 16
VisualStudioVersion = 16.0.29326.143
MinimumVisualStudioVersion = 10.0.40219.1
Project("{9A19103F-16F7-4668-BE54-9A1E7A4F7556}") = "Planted", "Planted.csproj", "{72BA1942-219E-4202-A3C0-9E63A13CF02E}"
EndProject
Project("{9A19103F-16F7-4668-BE54-9A1E7A4F7556}") = "Planted.UseCases", "..\Planted.UseCases\Planted.UseCases.csproj", "{C7C5D3DE-411E-40C0-A35E-1C6958D10AFB}"
EndProject
Project("{9A19103F-16F7-4668-BE54-9A1E7A4F7556}") = "Planted.UseCases.Abstractions", "..\Planted.UseCases.Abstractions\Planted.UseCases.Abstractions.csproj", "{7EB943D7-3B4B-4E5E-B96D-E7A20EFD9F0B}"
EndProject
Project("{9A19103F-16F7-4668-BE54-9A1E7A4F7556}") = "Planted.UserPlants", "..\Planted.UserPlants\Planted.UserPlants.csproj", "{3EF04E8E-9F88-48A1-88B1-5D1EA2AD23CE}"
EndProject
Project("{9A19103F-16F7-4668-BE54-9A1E7A4F7556}") = "Planted.UserPlants.Abstractions", "..\Planted.UserPlants.Abstractions\Planted.UserPlants.Abstractions.csproj", "{FBC47601-352E-485B-81CB-FEB8275CC185}"
EndProject
Project("{9A19103F-16F7-4668-BE54-9A1E7A4F7556}") = "Planted.UserPlants.Data", "..\Planted.UserPlants.Data\Planted.UserPlants.Data.csproj", "{306F284D-1304-47BD-A0A2-D3C4C3F40F8E}"
EndProject
Project("{9A19103F-16F7-4668-BE54-9A1E7A4F7556}") = "Planted.UserPlants.Data.Abstractions", "..\Planted.UserPlants.Data.Abstractions\Planted.UserPlants.Data.Abstractions.csproj", "{F3324E67-8BCD-48B4-96F7-24E4FC4AA46B}"
EndProject
Project("{2150E333-8FDC-42A3-9474-1A3956D46DE8}") = "UserPlant", "UserPlant", "{3D55995B-F3E4-4F84-8EF8-60C7A13DA00E}"
EndProject
Project("{2150E333-8FDC-42A3-9474-1A3956D46DE8}") = "Core", "Core", "{637AED10-3E1C-4AD2-9DC8-BEA89C4EB7E1}"
EndProject
Project("{9A19103F-16F7-4668-BE54-9A1E7A4F7556}") = "Planted.User", "..\Planted.User\Planted.User.csproj", "{199DFA8E-32C7-4016-8C5E-310893FE3600}"
EndProject
Project("{9A19103F-16F7-4668-BE54-9A1E7A4F7556}") = "Planted.User.Abstractions", "..\Planted.User.Abstractions\Planted.User.Abstractions.csproj", "{9ECA7DE9-6519-4972-A107-742A233087A6}"
EndProject
Project("{2150E333-8FDC-42A3-9474-1A3956D46DE8}") = "User", "User", "{ABD2403E-6ED0-4A09-82C5-7A6ADBBE4C70}"
EndProject
Project("{9A19103F-16F7-4668-BE54-9A1E7A4F7556}") = "Planted.Plant", "..\Planted.Plant\Planted.Plant.csproj", "{45B2E6B9-00E4-486F-8227-63C46BE1AD80}"
EndProject
Project("{9A19103F-16F7-4668-BE54-9A1E7A4F7556}") = "Planted.Plant.Abstractions", "..\Planted.Plant.Abstractions\Planted.Plant.Abstractions.csproj", "{F5816AA0-4F95-46CA-AFED-625550697C10}"
EndProject
Project("{9A19103F-16F7-4668-BE54-9A1E7A4F7556}") = "Planted.Plant.Data", "..\Planted.Plant.Data\Planted.Plant.Data.csproj", "{3546DEC5-0AB7-4F2D-AB8B-108CBB26548A}"
EndProject
Project("{9A19103F-16F7-4668-BE54-9A1E7A4F7556}") = "Planted.Plant.Data.Abstractions", "..\Planted.Plant.Data.Abstractions\Planted.Plant.Data.Abstractions.csproj", "{077A3103-EECF-4DE6-8282-8F3033B0A51D}"
EndProject
Project("{2150E333-8FDC-42A3-9474-1A3956D46DE8}") = "Plant", "Plant", "{9BDB6AC4-3AC5-4976-AE58-D49CB027AF86}"
EndProject
Project("{9A19103F-16F7-4668-BE54-9A1E7A4F7556}") = "Planted.Core.Exception.Abstractions", "..\Planted.Core.Exception.Abstractions\Planted.Core.Exception.Abstractions.csproj", "{9651CA6F-44DB-497B-91E9-2DD203E2A688}"
EndProject
Project("{9A19103F-16F7-4668-BE54-9A1E7A4F7556}") = "Planted.Core.Exceptions", "..\Planted.Core.Exceptions\Planted.Core.Exceptions.csproj", "{1C3F53C9-F7F7-454B-8500-A16833D9BAEE}"
EndProject
Project("{9A19103F-16F7-4668-BE54-9A1E7A4F7556}") = "Planted.Core.Extensions", "..\Planted.Core.Extensions\Planted.Core.Extensions.csproj", "{3055CEBC-FD42-4790-91B4-2AD9A4DB1F4F}"
EndProject
Project("{9A19103F-16F7-4668-BE54-9A1E7A4F7556}") = "Planted.Core.Security", "..\Planted.Core.Security\Planted.Core.Security.csproj", "{888E6825-9389-48FE-B84A-EB409A607AFB}"
EndProject
Project("{9A19103F-16F7-4668-BE54-9A1E7A4F7556}") = "Planted.Core.Security.Abstractions", "..\Planted.Core.Security.Abstractions\Planted.Core.Security.Abstractions.csproj", "{4AB456CD-5587-424D-B719-A113596EDB52}"
EndProject
Project("{9A19103F-16F7-4668-BE54-9A1E7A4F7556}") = "Planted.Core.Storage", "..\Planted.Core.Storage\Planted.Core.Storage.csproj", "{F251594D-B994-4FC4-B1F1-D8C032267AF0}"
EndProject
Project("{9A19103F-16F7-4668-BE54-9A1E7A4F7556}") = "Planted.Core.Storage.Abstractions", "..\Planted.Core.Storage.Abstractions\Planted.Core.Storage.Abstractions.csproj", "{F3A31086-7736-44DC-A585-81E525E45A96}"
EndProject
Project("{9A19103F-16F7-4668-BE54-9A1E7A4F7556}") = "Planted.Core.Web", "..\Planted.Core.Web\Planted.Core.Web.csproj", "{0841D5EB-FF52-4F4B-8DC6-E7D94D8FFE25}"
EndProject
Project("{9A19103F-16F7-4668-BE54-9A1E7A4F7556}") = "Planted.Core.Web.Abstractions", "..\Planted.Core.Web.Abstractions\Planted.Core.Web.Abstractions.csproj", "{34222CC7-CB57-419A-B676-0FED20072FB8}"
EndProject
Project("{9A19103F-16F7-4668-BE54-9A1E7A4F7556}") = "Planted.User.Data", "..\Planted.User.Data\Planted.User.Data.csproj", "{88C3E3C1-FADC-4C3B-B95A-3CDE2CB26B90}"
EndProject
Project("{9A19103F-16F7-4668-BE54-9A1E7A4F7556}") = "Planted.User.Data.Abstractions", "..\Planted.User.Data.Abstractions\Planted.User.Data.Abstractions.csproj", "{2D71B8F1-B16D-4BCE-814A-113544F3EFD7}"
EndProject
Project("{FAE04EC0-301F-11D3-BF4B-00C04F79EFBC}") = "Planted.Core.Data.Abstractions", "..\Planted.Core.Data.Abstractions\Planted.Core.Data.Abstractions.csproj", "{43F587A5-352C-48B7-ACDC-429F453D29CA}"
EndProject
Project("{FAE04EC0-301F-11D3-BF4B-00C04F79EFBC}") = "Planted.Core.Data", "..\Planted.Core.Data\Planted.Core.Data.csproj", "{D33119DA-E9EA-415D-A2B4-7B7CD5ED8A02}"
EndProject
Global
	GlobalSection(SolutionConfigurationPlatforms) = preSolution
		Debug|Any CPU = Debug|Any CPU
		Release|Any CPU = Release|Any CPU
	EndGlobalSection
	GlobalSection(ProjectConfigurationPlatforms) = postSolution
		{72BA1942-219E-4202-A3C0-9E63A13CF02E}.Debug|Any CPU.ActiveCfg = Debug|Any CPU
		{72BA1942-219E-4202-A3C0-9E63A13CF02E}.Debug|Any CPU.Build.0 = Debug|Any CPU
		{72BA1942-219E-4202-A3C0-9E63A13CF02E}.Release|Any CPU.ActiveCfg = Release|Any CPU
		{72BA1942-219E-4202-A3C0-9E63A13CF02E}.Release|Any CPU.Build.0 = Release|Any CPU
		{C7C5D3DE-411E-40C0-A35E-1C6958D10AFB}.Debug|Any CPU.ActiveCfg = Debug|Any CPU
		{C7C5D3DE-411E-40C0-A35E-1C6958D10AFB}.Debug|Any CPU.Build.0 = Debug|Any CPU
		{C7C5D3DE-411E-40C0-A35E-1C6958D10AFB}.Release|Any CPU.ActiveCfg = Release|Any CPU
		{C7C5D3DE-411E-40C0-A35E-1C6958D10AFB}.Release|Any CPU.Build.0 = Release|Any CPU
		{7EB943D7-3B4B-4E5E-B96D-E7A20EFD9F0B}.Debug|Any CPU.ActiveCfg = Debug|Any CPU
		{7EB943D7-3B4B-4E5E-B96D-E7A20EFD9F0B}.Debug|Any CPU.Build.0 = Debug|Any CPU
		{7EB943D7-3B4B-4E5E-B96D-E7A20EFD9F0B}.Release|Any CPU.ActiveCfg = Release|Any CPU
		{7EB943D7-3B4B-4E5E-B96D-E7A20EFD9F0B}.Release|Any CPU.Build.0 = Release|Any CPU
		{3EF04E8E-9F88-48A1-88B1-5D1EA2AD23CE}.Debug|Any CPU.ActiveCfg = Debug|Any CPU
		{3EF04E8E-9F88-48A1-88B1-5D1EA2AD23CE}.Debug|Any CPU.Build.0 = Debug|Any CPU
		{3EF04E8E-9F88-48A1-88B1-5D1EA2AD23CE}.Release|Any CPU.ActiveCfg = Release|Any CPU
		{3EF04E8E-9F88-48A1-88B1-5D1EA2AD23CE}.Release|Any CPU.Build.0 = Release|Any CPU
		{FBC47601-352E-485B-81CB-FEB8275CC185}.Debug|Any CPU.ActiveCfg = Debug|Any CPU
		{FBC47601-352E-485B-81CB-FEB8275CC185}.Debug|Any CPU.Build.0 = Debug|Any CPU
		{FBC47601-352E-485B-81CB-FEB8275CC185}.Release|Any CPU.ActiveCfg = Release|Any CPU
		{FBC47601-352E-485B-81CB-FEB8275CC185}.Release|Any CPU.Build.0 = Release|Any CPU
		{306F284D-1304-47BD-A0A2-D3C4C3F40F8E}.Debug|Any CPU.ActiveCfg = Debug|Any CPU
		{306F284D-1304-47BD-A0A2-D3C4C3F40F8E}.Debug|Any CPU.Build.0 = Debug|Any CPU
		{306F284D-1304-47BD-A0A2-D3C4C3F40F8E}.Release|Any CPU.ActiveCfg = Release|Any CPU
		{306F284D-1304-47BD-A0A2-D3C4C3F40F8E}.Release|Any CPU.Build.0 = Release|Any CPU
		{F3324E67-8BCD-48B4-96F7-24E4FC4AA46B}.Debug|Any CPU.ActiveCfg = Debug|Any CPU
		{F3324E67-8BCD-48B4-96F7-24E4FC4AA46B}.Debug|Any CPU.Build.0 = Debug|Any CPU
		{F3324E67-8BCD-48B4-96F7-24E4FC4AA46B}.Release|Any CPU.ActiveCfg = Release|Any CPU
		{F3324E67-8BCD-48B4-96F7-24E4FC4AA46B}.Release|Any CPU.Build.0 = Release|Any CPU
		{199DFA8E-32C7-4016-8C5E-310893FE3600}.Debug|Any CPU.ActiveCfg = Debug|Any CPU
		{199DFA8E-32C7-4016-8C5E-310893FE3600}.Debug|Any CPU.Build.0 = Debug|Any CPU
		{199DFA8E-32C7-4016-8C5E-310893FE3600}.Release|Any CPU.ActiveCfg = Release|Any CPU
		{199DFA8E-32C7-4016-8C5E-310893FE3600}.Release|Any CPU.Build.0 = Release|Any CPU
		{9ECA7DE9-6519-4972-A107-742A233087A6}.Debug|Any CPU.ActiveCfg = Debug|Any CPU
		{9ECA7DE9-6519-4972-A107-742A233087A6}.Debug|Any CPU.Build.0 = Debug|Any CPU
		{9ECA7DE9-6519-4972-A107-742A233087A6}.Release|Any CPU.ActiveCfg = Release|Any CPU
		{9ECA7DE9-6519-4972-A107-742A233087A6}.Release|Any CPU.Build.0 = Release|Any CPU
		{45B2E6B9-00E4-486F-8227-63C46BE1AD80}.Debug|Any CPU.ActiveCfg = Debug|Any CPU
		{45B2E6B9-00E4-486F-8227-63C46BE1AD80}.Debug|Any CPU.Build.0 = Debug|Any CPU
		{45B2E6B9-00E4-486F-8227-63C46BE1AD80}.Release|Any CPU.ActiveCfg = Release|Any CPU
		{45B2E6B9-00E4-486F-8227-63C46BE1AD80}.Release|Any CPU.Build.0 = Release|Any CPU
		{F5816AA0-4F95-46CA-AFED-625550697C10}.Debug|Any CPU.ActiveCfg = Debug|Any CPU
		{F5816AA0-4F95-46CA-AFED-625550697C10}.Debug|Any CPU.Build.0 = Debug|Any CPU
		{F5816AA0-4F95-46CA-AFED-625550697C10}.Release|Any CPU.ActiveCfg = Release|Any CPU
		{F5816AA0-4F95-46CA-AFED-625550697C10}.Release|Any CPU.Build.0 = Release|Any CPU
		{3546DEC5-0AB7-4F2D-AB8B-108CBB26548A}.Debug|Any CPU.ActiveCfg = Debug|Any CPU
		{3546DEC5-0AB7-4F2D-AB8B-108CBB26548A}.Debug|Any CPU.Build.0 = Debug|Any CPU
		{3546DEC5-0AB7-4F2D-AB8B-108CBB26548A}.Release|Any CPU.ActiveCfg = Release|Any CPU
		{3546DEC5-0AB7-4F2D-AB8B-108CBB26548A}.Release|Any CPU.Build.0 = Release|Any CPU
		{077A3103-EECF-4DE6-8282-8F3033B0A51D}.Debug|Any CPU.ActiveCfg = Debug|Any CPU
		{077A3103-EECF-4DE6-8282-8F3033B0A51D}.Debug|Any CPU.Build.0 = Debug|Any CPU
		{077A3103-EECF-4DE6-8282-8F3033B0A51D}.Release|Any CPU.ActiveCfg = Release|Any CPU
		{077A3103-EECF-4DE6-8282-8F3033B0A51D}.Release|Any CPU.Build.0 = Release|Any CPU
		{9651CA6F-44DB-497B-91E9-2DD203E2A688}.Debug|Any CPU.ActiveCfg = Debug|Any CPU
		{9651CA6F-44DB-497B-91E9-2DD203E2A688}.Debug|Any CPU.Build.0 = Debug|Any CPU
		{9651CA6F-44DB-497B-91E9-2DD203E2A688}.Release|Any CPU.ActiveCfg = Release|Any CPU
		{9651CA6F-44DB-497B-91E9-2DD203E2A688}.Release|Any CPU.Build.0 = Release|Any CPU
		{1C3F53C9-F7F7-454B-8500-A16833D9BAEE}.Debug|Any CPU.ActiveCfg = Debug|Any CPU
		{1C3F53C9-F7F7-454B-8500-A16833D9BAEE}.Debug|Any CPU.Build.0 = Debug|Any CPU
		{1C3F53C9-F7F7-454B-8500-A16833D9BAEE}.Release|Any CPU.ActiveCfg = Release|Any CPU
		{1C3F53C9-F7F7-454B-8500-A16833D9BAEE}.Release|Any CPU.Build.0 = Release|Any CPU
		{3055CEBC-FD42-4790-91B4-2AD9A4DB1F4F}.Debug|Any CPU.ActiveCfg = Debug|Any CPU
		{3055CEBC-FD42-4790-91B4-2AD9A4DB1F4F}.Debug|Any CPU.Build.0 = Debug|Any CPU
		{3055CEBC-FD42-4790-91B4-2AD9A4DB1F4F}.Release|Any CPU.ActiveCfg = Release|Any CPU
		{3055CEBC-FD42-4790-91B4-2AD9A4DB1F4F}.Release|Any CPU.Build.0 = Release|Any CPU
		{888E6825-9389-48FE-B84A-EB409A607AFB}.Debug|Any CPU.ActiveCfg = Debug|Any CPU
		{888E6825-9389-48FE-B84A-EB409A607AFB}.Debug|Any CPU.Build.0 = Debug|Any CPU
		{888E6825-9389-48FE-B84A-EB409A607AFB}.Release|Any CPU.ActiveCfg = Release|Any CPU
		{888E6825-9389-48FE-B84A-EB409A607AFB}.Release|Any CPU.Build.0 = Release|Any CPU
		{4AB456CD-5587-424D-B719-A113596EDB52}.Debug|Any CPU.ActiveCfg = Debug|Any CPU
		{4AB456CD-5587-424D-B719-A113596EDB52}.Debug|Any CPU.Build.0 = Debug|Any CPU
		{4AB456CD-5587-424D-B719-A113596EDB52}.Release|Any CPU.ActiveCfg = Release|Any CPU
		{4AB456CD-5587-424D-B719-A113596EDB52}.Release|Any CPU.Build.0 = Release|Any CPU
		{F251594D-B994-4FC4-B1F1-D8C032267AF0}.Debug|Any CPU.ActiveCfg = Debug|Any CPU
		{F251594D-B994-4FC4-B1F1-D8C032267AF0}.Debug|Any CPU.Build.0 = Debug|Any CPU
		{F251594D-B994-4FC4-B1F1-D8C032267AF0}.Release|Any CPU.ActiveCfg = Release|Any CPU
		{F251594D-B994-4FC4-B1F1-D8C032267AF0}.Release|Any CPU.Build.0 = Release|Any CPU
		{F3A31086-7736-44DC-A585-81E525E45A96}.Debug|Any CPU.ActiveCfg = Debug|Any CPU
		{F3A31086-7736-44DC-A585-81E525E45A96}.Debug|Any CPU.Build.0 = Debug|Any CPU
		{F3A31086-7736-44DC-A585-81E525E45A96}.Release|Any CPU.ActiveCfg = Release|Any CPU
		{F3A31086-7736-44DC-A585-81E525E45A96}.Release|Any CPU.Build.0 = Release|Any CPU
		{0841D5EB-FF52-4F4B-8DC6-E7D94D8FFE25}.Debug|Any CPU.ActiveCfg = Debug|Any CPU
		{0841D5EB-FF52-4F4B-8DC6-E7D94D8FFE25}.Debug|Any CPU.Build.0 = Debug|Any CPU
		{0841D5EB-FF52-4F4B-8DC6-E7D94D8FFE25}.Release|Any CPU.ActiveCfg = Release|Any CPU
		{0841D5EB-FF52-4F4B-8DC6-E7D94D8FFE25}.Release|Any CPU.Build.0 = Release|Any CPU
		{34222CC7-CB57-419A-B676-0FED20072FB8}.Debug|Any CPU.ActiveCfg = Debug|Any CPU
		{34222CC7-CB57-419A-B676-0FED20072FB8}.Debug|Any CPU.Build.0 = Debug|Any CPU
		{34222CC7-CB57-419A-B676-0FED20072FB8}.Release|Any CPU.ActiveCfg = Release|Any CPU
		{34222CC7-CB57-419A-B676-0FED20072FB8}.Release|Any CPU.Build.0 = Release|Any CPU
		{88C3E3C1-FADC-4C3B-B95A-3CDE2CB26B90}.Debug|Any CPU.ActiveCfg = Debug|Any CPU
		{88C3E3C1-FADC-4C3B-B95A-3CDE2CB26B90}.Debug|Any CPU.Build.0 = Debug|Any CPU
		{88C3E3C1-FADC-4C3B-B95A-3CDE2CB26B90}.Release|Any CPU.ActiveCfg = Release|Any CPU
		{88C3E3C1-FADC-4C3B-B95A-3CDE2CB26B90}.Release|Any CPU.Build.0 = Release|Any CPU
		{2D71B8F1-B16D-4BCE-814A-113544F3EFD7}.Debug|Any CPU.ActiveCfg = Debug|Any CPU
		{2D71B8F1-B16D-4BCE-814A-113544F3EFD7}.Debug|Any CPU.Build.0 = Debug|Any CPU
		{2D71B8F1-B16D-4BCE-814A-113544F3EFD7}.Release|Any CPU.ActiveCfg = Release|Any CPU
		{2D71B8F1-B16D-4BCE-814A-113544F3EFD7}.Release|Any CPU.Build.0 = Release|Any CPU
		{43F587A5-352C-48B7-ACDC-429F453D29CA}.Debug|Any CPU.ActiveCfg = Debug|Any CPU
		{43F587A5-352C-48B7-ACDC-429F453D29CA}.Debug|Any CPU.Build.0 = Debug|Any CPU
		{43F587A5-352C-48B7-ACDC-429F453D29CA}.Release|Any CPU.ActiveCfg = Release|Any CPU
		{43F587A5-352C-48B7-ACDC-429F453D29CA}.Release|Any CPU.Build.0 = Release|Any CPU
		{D33119DA-E9EA-415D-A2B4-7B7CD5ED8A02}.Debug|Any CPU.ActiveCfg = Debug|Any CPU
		{D33119DA-E9EA-415D-A2B4-7B7CD5ED8A02}.Debug|Any CPU.Build.0 = Debug|Any CPU
		{D33119DA-E9EA-415D-A2B4-7B7CD5ED8A02}.Release|Any CPU.ActiveCfg = Release|Any CPU
		{D33119DA-E9EA-415D-A2B4-7B7CD5ED8A02}.Release|Any CPU.Build.0 = Release|Any CPU
	EndGlobalSection
	GlobalSection(SolutionProperties) = preSolution
		HideSolutionNode = FALSE
	EndGlobalSection
	GlobalSection(NestedProjects) = preSolution
		{3EF04E8E-9F88-48A1-88B1-5D1EA2AD23CE} = {3D55995B-F3E4-4F84-8EF8-60C7A13DA00E}
		{FBC47601-352E-485B-81CB-FEB8275CC185} = {3D55995B-F3E4-4F84-8EF8-60C7A13DA00E}
		{306F284D-1304-47BD-A0A2-D3C4C3F40F8E} = {3D55995B-F3E4-4F84-8EF8-60C7A13DA00E}
		{F3324E67-8BCD-48B4-96F7-24E4FC4AA46B} = {3D55995B-F3E4-4F84-8EF8-60C7A13DA00E}
		{199DFA8E-32C7-4016-8C5E-310893FE3600} = {ABD2403E-6ED0-4A09-82C5-7A6ADBBE4C70}
		{9ECA7DE9-6519-4972-A107-742A233087A6} = {ABD2403E-6ED0-4A09-82C5-7A6ADBBE4C70}
		{45B2E6B9-00E4-486F-8227-63C46BE1AD80} = {9BDB6AC4-3AC5-4976-AE58-D49CB027AF86}
		{F5816AA0-4F95-46CA-AFED-625550697C10} = {9BDB6AC4-3AC5-4976-AE58-D49CB027AF86}
		{3546DEC5-0AB7-4F2D-AB8B-108CBB26548A} = {9BDB6AC4-3AC5-4976-AE58-D49CB027AF86}
		{077A3103-EECF-4DE6-8282-8F3033B0A51D} = {9BDB6AC4-3AC5-4976-AE58-D49CB027AF86}
		{9651CA6F-44DB-497B-91E9-2DD203E2A688} = {637AED10-3E1C-4AD2-9DC8-BEA89C4EB7E1}
		{1C3F53C9-F7F7-454B-8500-A16833D9BAEE} = {637AED10-3E1C-4AD2-9DC8-BEA89C4EB7E1}
		{3055CEBC-FD42-4790-91B4-2AD9A4DB1F4F} = {637AED10-3E1C-4AD2-9DC8-BEA89C4EB7E1}
		{888E6825-9389-48FE-B84A-EB409A607AFB} = {637AED10-3E1C-4AD2-9DC8-BEA89C4EB7E1}
		{4AB456CD-5587-424D-B719-A113596EDB52} = {637AED10-3E1C-4AD2-9DC8-BEA89C4EB7E1}
		{F251594D-B994-4FC4-B1F1-D8C032267AF0} = {637AED10-3E1C-4AD2-9DC8-BEA89C4EB7E1}
		{F3A31086-7736-44DC-A585-81E525E45A96} = {637AED10-3E1C-4AD2-9DC8-BEA89C4EB7E1}
		{0841D5EB-FF52-4F4B-8DC6-E7D94D8FFE25} = {637AED10-3E1C-4AD2-9DC8-BEA89C4EB7E1}
		{34222CC7-CB57-419A-B676-0FED20072FB8} = {637AED10-3E1C-4AD2-9DC8-BEA89C4EB7E1}
		{88C3E3C1-FADC-4C3B-B95A-3CDE2CB26B90} = {ABD2403E-6ED0-4A09-82C5-7A6ADBBE4C70}
		{2D71B8F1-B16D-4BCE-814A-113544F3EFD7} = {ABD2403E-6ED0-4A09-82C5-7A6ADBBE4C70}
		{43F587A5-352C-48B7-ACDC-429F453D29CA} = {637AED10-3E1C-4AD2-9DC8-BEA89C4EB7E1}
		{D33119DA-E9EA-415D-A2B4-7B7CD5ED8A02} = {637AED10-3E1C-4AD2-9DC8-BEA89C4EB7E1}
	EndGlobalSection
	GlobalSection(ExtensibilityGlobals) = postSolution
		SolutionGuid = {51ADBD58-9EC2-4D9F-866C-BF4FBFCE9694}
	EndGlobalSection
EndGlobal
